
Microsoft Visual Studio Solution File, Format Version 12.00
# Visual Studio Version 17
VisualStudioVersion = 17.9.34902.65
MinimumVisualStudioVersion = 10.0.40219.1
Project("{FAE04EC0-301F-11D3-BF4B-00C04F79EFBC}") = "Module_8.Task3", "Module_8.Task3\Module_8.Task3.csproj", "{15A321A9-BAF1-4D84-841A-7CEA2A1C4872}"
EndProject
Global
	GlobalSection(SolutionConfigurationPlatforms) = preSolution
		Debug|Any CPU = Debug|Any CPU
		Release|Any CPU = Release|Any CPU
	EndGlobalSection
	GlobalSection(ProjectConfigurationPlatforms) = postSolution
		{15A321A9-BAF1-4D84-841A-7CEA2A1C4872}.Debug|Any CPU.ActiveCfg = Debug|Any CPU
		{15A321A9-BAF1-4D84-841A-7CEA2A1C4872}.Debug|Any CPU.Build.0 = Debug|Any CPU
		{15A321A9-BAF1-4D84-841A-7CEA2A1C4872}.Release|Any CPU.ActiveCfg = Release|Any CPU
		{15A321A9-BAF1-4D84-841A-7CEA2A1C4872}.Release|Any CPU.Build.0 = Release|Any CPU
	EndGlobalSection
	GlobalSection(SolutionProperties) = preSolution
		HideSolutionNode = FALSE
	EndGlobalSection
	GlobalSection(ExtensibilityGlobals) = postSolution
		SolutionGuid = {216F0237-64DB-4AC5-AD62-03BCA4F1DE1B}
	EndGlobalSection
EndGlobal
